
Microsoft Visual Studio Solution File, Format Version 12.00
# Visual Studio 15
VisualStudioVersion = 15.0.28010.0
MinimumVisualStudioVersion = 10.0.40219.1
Project("{FAE04EC0-301F-11D3-BF4B-00C04F79EFBC}") = "NeoContract1", "NeoContract1\NeoContract1.csproj", "{BDC28EBE-6530-4E72-847F-D28A1154F92F}"
EndProject
Global
	GlobalSection(SolutionConfigurationPlatforms) = preSolution
		Debug|Any CPU = Debug|Any CPU
		Release|Any CPU = Release|Any CPU
	EndGlobalSection
	GlobalSection(ProjectConfigurationPlatforms) = postSolution
		{BDC28EBE-6530-4E72-847F-D28A1154F92F}.Debug|Any CPU.ActiveCfg = Debug|Any CPU
		{BDC28EBE-6530-4E72-847F-D28A1154F92F}.Debug|Any CPU.Build.0 = Debug|Any CPU
		{BDC28EBE-6530-4E72-847F-D28A1154F92F}.Release|Any CPU.ActiveCfg = Release|Any CPU
		{BDC28EBE-6530-4E72-847F-D28A1154F92F}.Release|Any CPU.Build.0 = Release|Any CPU
	EndGlobalSection
	GlobalSection(SolutionProperties) = preSolution
		HideSolutionNode = FALSE
	EndGlobalSection
	GlobalSection(ExtensibilityGlobals) = postSolution
		SolutionGuid = {ABF6880E-4C08-4D29-91CC-B9AC390E026D}
	EndGlobalSection
EndGlobal
